
Microsoft Visual Studio Solution File, Format Version 12.00
# Visual Studio Version 17
VisualStudioVersion = 17.11.35327.3
MinimumVisualStudioVersion = 10.0.40219.1
Project("{FAE04EC0-301F-11D3-BF4B-00C04F79EFBC}") = "ConsolePong", "ConsolePong_Angabe\ConsolePong.csproj", "{D8B18B31-C52C-42BA-A7C4-77D9A33AB07F}"
EndProject
Project("{9A19103F-16F7-4668-BE54-9A1E7A4F7556}") = "Pong_Tests", "Pong_Tests\Pong_Tests.csproj", "{0592BDF2-ACF8-47D5-BAB9-581C7C28B6D2}"
EndProject
Global
	GlobalSection(SolutionConfigurationPlatforms) = preSolution
		Debug|Any CPU = Debug|Any CPU
		Release|Any CPU = Release|Any CPU
	EndGlobalSection
	GlobalSection(ProjectConfigurationPlatforms) = postSolution
		{D8B18B31-C52C-42BA-A7C4-77D9A33AB07F}.Debug|Any CPU.ActiveCfg = Debug|Any CPU
		{D8B18B31-C52C-42BA-A7C4-77D9A33AB07F}.Debug|Any CPU.Build.0 = Debug|Any CPU
		{D8B18B31-C52C-42BA-A7C4-77D9A33AB07F}.Release|Any CPU.ActiveCfg = Release|Any CPU
		{D8B18B31-C52C-42BA-A7C4-77D9A33AB07F}.Release|Any CPU.Build.0 = Release|Any CPU
		{0592BDF2-ACF8-47D5-BAB9-581C7C28B6D2}.Debug|Any CPU.ActiveCfg = Debug|Any CPU
		{0592BDF2-ACF8-47D5-BAB9-581C7C28B6D2}.Debug|Any CPU.Build.0 = Debug|Any CPU
		{0592BDF2-ACF8-47D5-BAB9-581C7C28B6D2}.Release|Any CPU.ActiveCfg = Release|Any CPU
		{0592BDF2-ACF8-47D5-BAB9-581C7C28B6D2}.Release|Any CPU.Build.0 = Release|Any CPU
	EndGlobalSection
	GlobalSection(SolutionProperties) = preSolution
		HideSolutionNode = FALSE
	EndGlobalSection
	GlobalSection(ExtensibilityGlobals) = postSolution
		SolutionGuid = {69C2C67D-11B7-4B07-BF2F-2D52C0C89A09}
	EndGlobalSection
EndGlobal
